{
  "name": "programa",
  "version": "1.0.0",
  "lockfileVersion": 2,
  "requires": true,
  "packages": {
    "": {
      "name": "programa",
      "version": "1.0.0",
      "license": "ISC",
      "dependencies": {
        "matematica": "file:.."
      }
    },
    "..": {
      "name": "matematica",
      "version": "1.0.0",
      "license": "ISC"
    },
    "node_modules/matematica": {
      "resolved": "..",
      "link": true
    }
  },
  "dependencies": {
    "matematica": {
      "version": "file:.."
    }
  }
}
